
Microsoft Visual Studio Solution File, Format Version 12.00
# Visual Studio Version 17
VisualStudioVersion = 17.10.35027.167
MinimumVisualStudioVersion = 10.0.40219.1
Project("{FAE04EC0-301F-11D3-BF4B-00C04F79EFBC}") = "Calculator", "Calculator.csproj", "{FF327D11-A6A1-499C-B26D-648B55783A83}"
EndProject
Global
	GlobalSection(SolutionConfigurationPlatforms) = preSolution
		Debug|Any CPU = Debug|Any CPU
		Release|Any CPU = Release|Any CPU
	EndGlobalSection
	GlobalSection(ProjectConfigurationPlatforms) = postSolution
		{FF327D11-A6A1-499C-B26D-648B55783A83}.Debug|Any CPU.ActiveCfg = Debug|Any CPU
		{FF327D11-A6A1-499C-B26D-648B55783A83}.Debug|Any CPU.Build.0 = Debug|Any CPU
		{FF327D11-A6A1-499C-B26D-648B55783A83}.Release|Any CPU.ActiveCfg = Release|Any CPU
		{FF327D11-A6A1-499C-B26D-648B55783A83}.Release|Any CPU.Build.0 = Release|Any CPU
	EndGlobalSection
	GlobalSection(SolutionProperties) = preSolution
		HideSolutionNode = FALSE
	EndGlobalSection
	GlobalSection(ExtensibilityGlobals) = postSolution
		SolutionGuid = {955E6BEB-715E-49D5-BD14-CA3AD47E2F42}
	EndGlobalSection
EndGlobal
